
Microsoft Visual Studio Solution File, Format Version 12.00
# Visual Studio 14
VisualStudioVersion = 14.0.25420.1
MinimumVisualStudioVersion = 10.0.40219.1
Project("{FAE04EC0-301F-11D3-BF4B-00C04F79EFBC}") = "Task1", "Task1\Task1.csproj", "{A140151F-0054-4AFF-A102-BA3DE4431BFD}"
EndProject
Project("{FAE04EC0-301F-11D3-BF4B-00C04F79EFBC}") = "Task1Tests", "Task1Tests\Task1Tests.csproj", "{1DE5F1F2-56C9-46AC-8D2E-194EF0CD60EB}"
EndProject
Global
	GlobalSection(SolutionConfigurationPlatforms) = preSolution
		Debug|Any CPU = Debug|Any CPU
		Release|Any CPU = Release|Any CPU
	EndGlobalSection
	GlobalSection(ProjectConfigurationPlatforms) = postSolution
		{A140151F-0054-4AFF-A102-BA3DE4431BFD}.Debug|Any CPU.ActiveCfg = Debug|Any CPU
		{A140151F-0054-4AFF-A102-BA3DE4431BFD}.Debug|Any CPU.Build.0 = Debug|Any CPU
		{A140151F-0054-4AFF-A102-BA3DE4431BFD}.Release|Any CPU.ActiveCfg = Release|Any CPU
		{A140151F-0054-4AFF-A102-BA3DE4431BFD}.Release|Any CPU.Build.0 = Release|Any CPU
		{1DE5F1F2-56C9-46AC-8D2E-194EF0CD60EB}.Debug|Any CPU.ActiveCfg = Debug|Any CPU
		{1DE5F1F2-56C9-46AC-8D2E-194EF0CD60EB}.Debug|Any CPU.Build.0 = Debug|Any CPU
		{1DE5F1F2-56C9-46AC-8D2E-194EF0CD60EB}.Release|Any CPU.ActiveCfg = Release|Any CPU
		{1DE5F1F2-56C9-46AC-8D2E-194EF0CD60EB}.Release|Any CPU.Build.0 = Release|Any CPU
	EndGlobalSection
	GlobalSection(SolutionProperties) = preSolution
		HideSolutionNode = FALSE
	EndGlobalSection
EndGlobal
